
Microsoft Visual Studio Solution File, Format Version 11.00
# Visual Studio 2010
Project("{FAE04EC0-301F-11D3-BF4B-00C04F79EFBC}") = "CalculateDayWork", "CalculateDayWork\CalculateDayWork.csproj", "{9487C4A6-75C3-4186-8BBE-BB72E0468FF8}"
EndProject
Project("{FAE04EC0-301F-11D3-BF4B-00C04F79EFBC}") = "CalculateMonthWork", "CalculateMonthWork\CalculateMonthWork.csproj", "{346F3C23-46CF-42A1-88A1-856F53EFC0D1}"
EndProject
Project("{FAE04EC0-301F-11D3-BF4B-00C04F79EFBC}") = "GetDayWork", "GetDayWork\GetDayWork.csproj", "{322B6E19-AB97-42F5-949C-76D73BA6A8DA}"
EndProject
Project("{FAE04EC0-301F-11D3-BF4B-00C04F79EFBC}") = "MyTest", "MyTest\MyTest.csproj", "{19D6BE30-BAD1-4898-BBAC-51E031464C7A}"
EndProject
Global
	GlobalSection(SolutionConfigurationPlatforms) = preSolution
		Debug|Any CPU = Debug|Any CPU
		Release|Any CPU = Release|Any CPU
	EndGlobalSection
	GlobalSection(ProjectConfigurationPlatforms) = postSolution
		{9487C4A6-75C3-4186-8BBE-BB72E0468FF8}.Debug|Any CPU.ActiveCfg = Debug|Any CPU
		{9487C4A6-75C3-4186-8BBE-BB72E0468FF8}.Debug|Any CPU.Build.0 = Debug|Any CPU
		{9487C4A6-75C3-4186-8BBE-BB72E0468FF8}.Release|Any CPU.ActiveCfg = Release|Any CPU
		{9487C4A6-75C3-4186-8BBE-BB72E0468FF8}.Release|Any CPU.Build.0 = Release|Any CPU
		{346F3C23-46CF-42A1-88A1-856F53EFC0D1}.Debug|Any CPU.ActiveCfg = Debug|Any CPU
		{346F3C23-46CF-42A1-88A1-856F53EFC0D1}.Debug|Any CPU.Build.0 = Debug|Any CPU
		{346F3C23-46CF-42A1-88A1-856F53EFC0D1}.Release|Any CPU.ActiveCfg = Release|Any CPU
		{346F3C23-46CF-42A1-88A1-856F53EFC0D1}.Release|Any CPU.Build.0 = Release|Any CPU
		{322B6E19-AB97-42F5-949C-76D73BA6A8DA}.Debug|Any CPU.ActiveCfg = Debug|Any CPU
		{322B6E19-AB97-42F5-949C-76D73BA6A8DA}.Debug|Any CPU.Build.0 = Debug|Any CPU
		{322B6E19-AB97-42F5-949C-76D73BA6A8DA}.Release|Any CPU.ActiveCfg = Release|Any CPU
		{322B6E19-AB97-42F5-949C-76D73BA6A8DA}.Release|Any CPU.Build.0 = Release|Any CPU
		{19D6BE30-BAD1-4898-BBAC-51E031464C7A}.Debug|Any CPU.ActiveCfg = Debug|Any CPU
		{19D6BE30-BAD1-4898-BBAC-51E031464C7A}.Debug|Any CPU.Build.0 = Debug|Any CPU
		{19D6BE30-BAD1-4898-BBAC-51E031464C7A}.Release|Any CPU.ActiveCfg = Release|Any CPU
		{19D6BE30-BAD1-4898-BBAC-51E031464C7A}.Release|Any CPU.Build.0 = Release|Any CPU
	EndGlobalSection
	GlobalSection(SolutionProperties) = preSolution
		HideSolutionNode = FALSE
	EndGlobalSection
EndGlobal
